
Microsoft Visual Studio Solution File, Format Version 12.00
# Visual Studio Version 16
VisualStudioVersion = 16.0.30406.217
MinimumVisualStudioVersion = 10.0.40219.1
Project("{9A19103F-16F7-4668-BE54-9A1E7A4F7556}") = "example1", "example1\example1.csproj", "{B4F3448E-00EC-4D33-8E16-D5F134E308B7}"
EndProject
Project("{9A19103F-16F7-4668-BE54-9A1E7A4F7556}") = "example2", "example2\example2.csproj", "{4AD74432-9C6B-4001-B3B2-A3F48A555D1E}"
EndProject
Project("{FAE04EC0-301F-11D3-BF4B-00C04F79EFBC}") = "example3", "example3\example3.csproj", "{5F19D93F-7B6F-409A-8DDF-4D64FE5960F7}"
EndProject
Global
	GlobalSection(SolutionConfigurationPlatforms) = preSolution
		Debug|Any CPU = Debug|Any CPU
		Release|Any CPU = Release|Any CPU
	EndGlobalSection
	GlobalSection(ProjectConfigurationPlatforms) = postSolution
		{B4F3448E-00EC-4D33-8E16-D5F134E308B7}.Debug|Any CPU.ActiveCfg = Debug|Any CPU
		{B4F3448E-00EC-4D33-8E16-D5F134E308B7}.Debug|Any CPU.Build.0 = Debug|Any CPU
		{B4F3448E-00EC-4D33-8E16-D5F134E308B7}.Release|Any CPU.ActiveCfg = Release|Any CPU
		{B4F3448E-00EC-4D33-8E16-D5F134E308B7}.Release|Any CPU.Build.0 = Release|Any CPU
		{4AD74432-9C6B-4001-B3B2-A3F48A555D1E}.Debug|Any CPU.ActiveCfg = Debug|Any CPU
		{4AD74432-9C6B-4001-B3B2-A3F48A555D1E}.Debug|Any CPU.Build.0 = Debug|Any CPU
		{4AD74432-9C6B-4001-B3B2-A3F48A555D1E}.Release|Any CPU.ActiveCfg = Release|Any CPU
		{4AD74432-9C6B-4001-B3B2-A3F48A555D1E}.Release|Any CPU.Build.0 = Release|Any CPU
		{5F19D93F-7B6F-409A-8DDF-4D64FE5960F7}.Debug|Any CPU.ActiveCfg = Debug|Any CPU
		{5F19D93F-7B6F-409A-8DDF-4D64FE5960F7}.Debug|Any CPU.Build.0 = Debug|Any CPU
		{5F19D93F-7B6F-409A-8DDF-4D64FE5960F7}.Release|Any CPU.ActiveCfg = Release|Any CPU
		{5F19D93F-7B6F-409A-8DDF-4D64FE5960F7}.Release|Any CPU.Build.0 = Release|Any CPU
	EndGlobalSection
	GlobalSection(SolutionProperties) = preSolution
		HideSolutionNode = FALSE
	EndGlobalSection
	GlobalSection(ExtensibilityGlobals) = postSolution
		SolutionGuid = {26B972AE-9437-42D2-A27A-07102A9D300E}
	EndGlobalSection
EndGlobal
